
Microsoft Visual Studio Solution File, Format Version 12.00
# Visual Studio Version 17
VisualStudioVersion = 17.7.34024.191
MinimumVisualStudioVersion = 10.0.40219.1
Project("{FAE04EC0-301F-11D3-BF4B-00C04F79EFBC}") = "backend", "backend\backend.csproj", "{15CDADAC-1A78-409A-A216-8DF223A45A51}"
EndProject
Global
	GlobalSection(SolutionConfigurationPlatforms) = preSolution
		Debug|Any CPU = Debug|Any CPU
		Release|Any CPU = Release|Any CPU
	EndGlobalSection
	GlobalSection(ProjectConfigurationPlatforms) = postSolution
		{15CDADAC-1A78-409A-A216-8DF223A45A51}.Debug|Any CPU.ActiveCfg = Debug|Any CPU
		{15CDADAC-1A78-409A-A216-8DF223A45A51}.Debug|Any CPU.Build.0 = Debug|Any CPU
		{15CDADAC-1A78-409A-A216-8DF223A45A51}.Release|Any CPU.ActiveCfg = Release|Any CPU
		{15CDADAC-1A78-409A-A216-8DF223A45A51}.Release|Any CPU.Build.0 = Release|Any CPU
	EndGlobalSection
	GlobalSection(SolutionProperties) = preSolution
		HideSolutionNode = FALSE
	EndGlobalSection
	GlobalSection(ExtensibilityGlobals) = postSolution
		SolutionGuid = {03F6C79E-B9F7-4BBD-B95D-1EFA467EBB24}
	EndGlobalSection
EndGlobal
